
Microsoft Visual Studio Solution File, Format Version 12.00
# Visual Studio 15
VisualStudioVersion = 15.0.28010.2050
MinimumVisualStudioVersion = 10.0.40219.1
Project("{FAE04EC0-301F-11D3-BF4B-00C04F79EFBC}") = "XamFCMDemo.Android", "XamFCMDemo\XamFCMDemo.Android\XamFCMDemo.Android.csproj", "{264F10AE-5344-48B4-A3A0-1E837326D042}"
EndProject
Project("{FAE04EC0-301F-11D3-BF4B-00C04F79EFBC}") = "XamFCMDemo.iOS", "XamFCMDemo\XamFCMDemo.iOS\XamFCMDemo.iOS.csproj", "{4127DB77-840F-48D3-A509-7B39AF2BAA4B}"
EndProject
Project("{FAE04EC0-301F-11D3-BF4B-00C04F79EFBC}") = "XamFCMDemo", "XamFCMDemo\XamFCMDemo\XamFCMDemo.csproj", "{1DCB43C0-559C-475C-8848-0C658A73A96F}"
EndProject
Global
	GlobalSection(SolutionConfigurationPlatforms) = preSolution
		Ad-Hoc|Any CPU = Ad-Hoc|Any CPU
		Ad-Hoc|iPhone = Ad-Hoc|iPhone
		Ad-Hoc|iPhoneSimulator = Ad-Hoc|iPhoneSimulator
		AppStore|Any CPU = AppStore|Any CPU
		AppStore|iPhone = AppStore|iPhone
		AppStore|iPhoneSimulator = AppStore|iPhoneSimulator
		Debug|Any CPU = Debug|Any CPU
		Debug|iPhone = Debug|iPhone
		Debug|iPhoneSimulator = Debug|iPhoneSimulator
		Release|Any CPU = Release|Any CPU
		Release|iPhone = Release|iPhone
		Release|iPhoneSimulator = Release|iPhoneSimulator
	EndGlobalSection
	GlobalSection(ProjectConfigurationPlatforms) = postSolution
		{264F10AE-5344-48B4-A3A0-1E837326D042}.Ad-Hoc|Any CPU.ActiveCfg = Release|Any CPU
		{264F10AE-5344-48B4-A3A0-1E837326D042}.Ad-Hoc|Any CPU.Build.0 = Release|Any CPU
		{264F10AE-5344-48B4-A3A0-1E837326D042}.Ad-Hoc|Any CPU.Deploy.0 = Release|Any CPU
		{264F10AE-5344-48B4-A3A0-1E837326D042}.Ad-Hoc|iPhone.ActiveCfg = Release|Any CPU
		{264F10AE-5344-48B4-A3A0-1E837326D042}.Ad-Hoc|iPhone.Build.0 = Release|Any CPU
		{264F10AE-5344-48B4-A3A0-1E837326D042}.Ad-Hoc|iPhone.Deploy.0 = Release|Any CPU
		{264F10AE-5344-48B4-A3A0-1E837326D042}.Ad-Hoc|iPhoneSimulator.ActiveCfg = Release|Any CPU
		{264F10AE-5344-48B4-A3A0-1E837326D042}.Ad-Hoc|iPhoneSimulator.Build.0 = Release|Any CPU
		{264F10AE-5344-48B4-A3A0-1E837326D042}.Ad-Hoc|iPhoneSimulator.Deploy.0 = Release|Any CPU
		{264F10AE-5344-48B4-A3A0-1E837326D042}.AppStore|Any CPU.ActiveCfg = Release|Any CPU
		{264F10AE-5344-48B4-A3A0-1E837326D042}.AppStore|Any CPU.Build.0 = Release|Any CPU
		{264F10AE-5344-48B4-A3A0-1E837326D042}.AppStore|Any CPU.Deploy.0 = Release|Any CPU
		{264F10AE-5344-48B4-A3A0-1E837326D042}.AppStore|iPhone.ActiveCfg = Release|Any CPU
		{264F10AE-5344-48B4-A3A0-1E837326D042}.AppStore|iPhone.Build.0 = Release|Any CPU
		{264F10AE-5344-48B4-A3A0-1E837326D042}.AppStore|iPhone.Deploy.0 = Release|Any CPU
		{264F10AE-5344-48B4-A3A0-1E837326D042}.AppStore|iPhoneSimulator.ActiveCfg = Release|Any CPU
		{264F10AE-5344-48B4-A3A0-1E837326D042}.AppStore|iPhoneSimulator.Build.0 = Release|Any CPU
		{264F10AE-5344-48B4-A3A0-1E837326D042}.AppStore|iPhoneSimulator.Deploy.0 = Release|Any CPU
		{264F10AE-5344-48B4-A3A0-1E837326D042}.Debug|Any CPU.ActiveCfg = Debug|Any CPU
		{264F10AE-5344-48B4-A3A0-1E837326D042}.Debug|Any CPU.Build.0 = Debug|Any CPU
		{264F10AE-5344-48B4-A3A0-1E837326D042}.Debug|Any CPU.Deploy.0 = Debug|Any CPU
		{264F10AE-5344-48B4-A3A0-1E837326D042}.Debug|iPhone.ActiveCfg = Debug|Any CPU
		{264F10AE-5344-48B4-A3A0-1E837326D042}.Debug|iPhone.Build.0 = Debug|Any CPU
		{264F10AE-5344-48B4-A3A0-1E837326D042}.Debug|iPhone.Deploy.0 = Debug|Any CPU
		{264F10AE-5344-48B4-A3A0-1E837326D042}.Debug|iPhoneSimulator.ActiveCfg = Debug|Any CPU
		{264F10AE-5344-48B4-A3A0-1E837326D042}.Debug|iPhoneSimulator.Build.0 = Debug|Any CPU
		{264F10AE-5344-48B4-A3A0-1E837326D042}.Debug|iPhoneSimulator.Deploy.0 = Debug|Any CPU
		{264F10AE-5344-48B4-A3A0-1E837326D042}.Release|Any CPU.ActiveCfg = Release|Any CPU
		{264F10AE-5344-48B4-A3A0-1E837326D042}.Release|Any CPU.Build.0 = Release|Any CPU
		{264F10AE-5344-48B4-A3A0-1E837326D042}.Release|Any CPU.Deploy.0 = Release|Any CPU
		{264F10AE-5344-48B4-A3A0-1E837326D042}.Release|iPhone.ActiveCfg = Release|Any CPU
		{264F10AE-5344-48B4-A3A0-1E837326D042}.Release|iPhone.Build.0 = Release|Any CPU
		{264F10AE-5344-48B4-A3A0-1E837326D042}.Release|iPhone.Deploy.0 = Release|Any CPU
		{264F10AE-5344-48B4-A3A0-1E837326D042}.Release|iPhoneSimulator.ActiveCfg = Release|Any CPU
		{264F10AE-5344-48B4-A3A0-1E837326D042}.Release|iPhoneSimulator.Build.0 = Release|Any CPU
		{264F10AE-5344-48B4-A3A0-1E837326D042}.Release|iPhoneSimulator.Deploy.0 = Release|Any CPU
		{4127DB77-840F-48D3-A509-7B39AF2BAA4B}.Ad-Hoc|Any CPU.ActiveCfg = Ad-Hoc|iPhone
		{4127DB77-840F-48D3-A509-7B39AF2BAA4B}.Ad-Hoc|Any CPU.Build.0 = Ad-Hoc|iPhone
		{4127DB77-840F-48D3-A509-7B39AF2BAA4B}.Ad-Hoc|Any CPU.Deploy.0 = Ad-Hoc|iPhone
		{4127DB77-840F-48D3-A509-7B39AF2BAA4B}.Ad-Hoc|iPhone.ActiveCfg = Ad-Hoc|iPhone
		{4127DB77-840F-48D3-A509-7B39AF2BAA4B}.Ad-Hoc|iPhone.Build.0 = Ad-Hoc|iPhone
		{4127DB77-840F-48D3-A509-7B39AF2BAA4B}.Ad-Hoc|iPhone.Deploy.0 = Ad-Hoc|iPhone
		{4127DB77-840F-48D3-A509-7B39AF2BAA4B}.Ad-Hoc|iPhoneSimulator.ActiveCfg = Ad-Hoc|iPhoneSimulator
		{4127DB77-840F-48D3-A509-7B39AF2BAA4B}.Ad-Hoc|iPhoneSimulator.Build.0 = Ad-Hoc|iPhoneSimulator
		{4127DB77-840F-48D3-A509-7B39AF2BAA4B}.Ad-Hoc|iPhoneSimulator.Deploy.0 = Ad-Hoc|iPhoneSimulator
		{4127DB77-840F-48D3-A509-7B39AF2BAA4B}.AppStore|Any CPU.ActiveCfg = AppStore|iPhone
		{4127DB77-840F-48D3-A509-7B39AF2BAA4B}.AppStore|Any CPU.Build.0 = AppStore|iPhone
		{4127DB77-840F-48D3-A509-7B39AF2BAA4B}.AppStore|Any CPU.Deploy.0 = AppStore|iPhone
		{4127DB77-840F-48D3-A509-7B39AF2BAA4B}.AppStore|iPhone.ActiveCfg = AppStore|iPhone
		{4127DB77-840F-48D3-A509-7B39AF2BAA4B}.AppStore|iPhone.Build.0 = AppStore|iPhone
		{4127DB77-840F-48D3-A509-7B39AF2BAA4B}.AppStore|iPhone.Deploy.0 = AppStore|iPhone
		{4127DB77-840F-48D3-A509-7B39AF2BAA4B}.AppStore|iPhoneSimulator.ActiveCfg = AppStore|iPhoneSimulator
		{4127DB77-840F-48D3-A509-7B39AF2BAA4B}.AppStore|iPhoneSimulator.Build.0 = AppStore|iPhoneSimulator
		{4127DB77-840F-48D3-A509-7B39AF2BAA4B}.AppStore|iPhoneSimulator.Deploy.0 = AppStore|iPhoneSimulator
		{4127DB77-840F-48D3-A509-7B39AF2BAA4B}.Debug|Any CPU.ActiveCfg = Debug|iPhoneSimulator
		{4127DB77-840F-48D3-A509-7B39AF2BAA4B}.Debug|Any CPU.Build.0 = Debug|iPhoneSimulator
		{4127DB77-840F-48D3-A509-7B39AF2BAA4B}.Debug|Any CPU.Deploy.0 = Debug|iPhoneSimulator
		{4127DB77-840F-48D3-A509-7B39AF2BAA4B}.Debug|iPhone.ActiveCfg = Debug|iPhone
		{4127DB77-840F-48D3-A509-7B39AF2BAA4B}.Debug|iPhone.Build.0 = Debug|iPhone
		{4127DB77-840F-48D3-A509-7B39AF2BAA4B}.Debug|iPhone.Deploy.0 = Debug|iPhone
		{4127DB77-840F-48D3-A509-7B39AF2BAA4B}.Debug|iPhoneSimulator.ActiveCfg = Debug|iPhoneSimulator
		{4127DB77-840F-48D3-A509-7B39AF2BAA4B}.Debug|iPhoneSimulator.Build.0 = Debug|iPhoneSimulator
		{4127DB77-840F-48D3-A509-7B39AF2BAA4B}.Debug|iPhoneSimulator.Deploy.0 = Debug|iPhoneSimulator
		{4127DB77-840F-48D3-A509-7B39AF2BAA4B}.Release|Any CPU.ActiveCfg = Release|iPhone
		{4127DB77-840F-48D3-A509-7B39AF2BAA4B}.Release|Any CPU.Build.0 = Release|iPhone
		{4127DB77-840F-48D3-A509-7B39AF2BAA4B}.Release|Any CPU.Deploy.0 = Release|iPhone
		{4127DB77-840F-48D3-A509-7B39AF2BAA4B}.Release|iPhone.ActiveCfg = Release|iPhone
		{4127DB77-840F-48D3-A509-7B39AF2BAA4B}.Release|iPhone.Build.0 = Release|iPhone
		{4127DB77-840F-48D3-A509-7B39AF2BAA4B}.Release|iPhone.Deploy.0 = Release|iPhone
		{4127DB77-840F-48D3-A509-7B39AF2BAA4B}.Release|iPhoneSimulator.ActiveCfg = Release|iPhoneSimulator
		{4127DB77-840F-48D3-A509-7B39AF2BAA4B}.Release|iPhoneSimulator.Build.0 = Release|iPhoneSimulator
		{4127DB77-840F-48D3-A509-7B39AF2BAA4B}.Release|iPhoneSimulator.Deploy.0 = Release|iPhoneSimulator
		{1DCB43C0-559C-475C-8848-0C658A73A96F}.Ad-Hoc|Any CPU.ActiveCfg = Debug|Any CPU
		{1DCB43C0-559C-475C-8848-0C658A73A96F}.Ad-Hoc|Any CPU.Build.0 = Debug|Any CPU
		{1DCB43C0-559C-475C-8848-0C658A73A96F}.Ad-Hoc|Any CPU.Deploy.0 = Debug|Any CPU
		{1DCB43C0-559C-475C-8848-0C658A73A96F}.Ad-Hoc|iPhone.ActiveCfg = Debug|Any CPU
		{1DCB43C0-559C-475C-8848-0C658A73A96F}.Ad-Hoc|iPhone.Build.0 = Debug|Any CPU
		{1DCB43C0-559C-475C-8848-0C658A73A96F}.Ad-Hoc|iPhone.Deploy.0 = Debug|Any CPU
		{1DCB43C0-559C-475C-8848-0C658A73A96F}.Ad-Hoc|iPhoneSimulator.ActiveCfg = Debug|Any CPU
		{1DCB43C0-559C-475C-8848-0C658A73A96F}.Ad-Hoc|iPhoneSimulator.Build.0 = Debug|Any CPU
		{1DCB43C0-559C-475C-8848-0C658A73A96F}.Ad-Hoc|iPhoneSimulator.Deploy.0 = Debug|Any CPU
		{1DCB43C0-559C-475C-8848-0C658A73A96F}.AppStore|Any CPU.ActiveCfg = Debug|Any CPU
		{1DCB43C0-559C-475C-8848-0C658A73A96F}.AppStore|Any CPU.Build.0 = Debug|Any CPU
		{1DCB43C0-559C-475C-8848-0C658A73A96F}.AppStore|Any CPU.Deploy.0 = Debug|Any CPU
		{1DCB43C0-559C-475C-8848-0C658A73A96F}.AppStore|iPhone.ActiveCfg = Debug|Any CPU
		{1DCB43C0-559C-475C-8848-0C658A73A96F}.AppStore|iPhone.Build.0 = Debug|Any CPU
		{1DCB43C0-559C-475C-8848-0C658A73A96F}.AppStore|iPhone.Deploy.0 = Debug|Any CPU
		{1DCB43C0-559C-475C-8848-0C658A73A96F}.AppStore|iPhoneSimulator.ActiveCfg = Debug|Any CPU
		{1DCB43C0-559C-475C-8848-0C658A73A96F}.AppStore|iPhoneSimulator.Build.0 = Debug|Any CPU
		{1DCB43C0-559C-475C-8848-0C658A73A96F}.AppStore|iPhoneSimulator.Deploy.0 = Debug|Any CPU
		{1DCB43C0-559C-475C-8848-0C658A73A96F}.Debug|Any CPU.ActiveCfg = Debug|Any CPU
		{1DCB43C0-559C-475C-8848-0C658A73A96F}.Debug|Any CPU.Build.0 = Debug|Any CPU
		{1DCB43C0-559C-475C-8848-0C658A73A96F}.Debug|Any CPU.Deploy.0 = Debug|Any CPU
		{1DCB43C0-559C-475C-8848-0C658A73A96F}.Debug|iPhone.ActiveCfg = Debug|Any CPU
		{1DCB43C0-559C-475C-8848-0C658A73A96F}.Debug|iPhone.Build.0 = Debug|Any CPU
		{1DCB43C0-559C-475C-8848-0C658A73A96F}.Debug|iPhone.Deploy.0 = Debug|Any CPU
		{1DCB43C0-559C-475C-8848-0C658A73A96F}.Debug|iPhoneSimulator.ActiveCfg = Debug|Any CPU
		{1DCB43C0-559C-475C-8848-0C658A73A96F}.Debug|iPhoneSimulator.Build.0 = Debug|Any CPU
		{1DCB43C0-559C-475C-8848-0C658A73A96F}.Debug|iPhoneSimulator.Deploy.0 = Debug|Any CPU
		{1DCB43C0-559C-475C-8848-0C658A73A96F}.Release|Any CPU.ActiveCfg = Release|Any CPU
		{1DCB43C0-559C-475C-8848-0C658A73A96F}.Release|Any CPU.Build.0 = Release|Any CPU
		{1DCB43C0-559C-475C-8848-0C658A73A96F}.Release|Any CPU.Deploy.0 = Release|Any CPU
		{1DCB43C0-559C-475C-8848-0C658A73A96F}.Release|iPhone.ActiveCfg = Release|Any CPU
		{1DCB43C0-559C-475C-8848-0C658A73A96F}.Release|iPhone.Build.0 = Release|Any CPU
		{1DCB43C0-559C-475C-8848-0C658A73A96F}.Release|iPhone.Deploy.0 = Release|Any CPU
		{1DCB43C0-559C-475C-8848-0C658A73A96F}.Release|iPhoneSimulator.ActiveCfg = Release|Any CPU
		{1DCB43C0-559C-475C-8848-0C658A73A96F}.Release|iPhoneSimulator.Build.0 = Release|Any CPU
		{1DCB43C0-559C-475C-8848-0C658A73A96F}.Release|iPhoneSimulator.Deploy.0 = Release|Any CPU
	EndGlobalSection
	GlobalSection(SolutionProperties) = preSolution
		HideSolutionNode = FALSE
	EndGlobalSection
	GlobalSection(ExtensibilityGlobals) = postSolution
		SolutionGuid = {574E6B8B-1B42-40BD-9EE8-6E3E0229CA33}
	EndGlobalSection
EndGlobal
